PODS:
  - FlutterMacOS (1.0.0)
  - network_info_plus_macos (0.0.1):
    - FlutterMacOS
  - yandex_locator (0.0.1):
    - FlutterMacOS

DEPENDENCIES:
  - FlutterMacOS (from `Flutter/ephemeral`)
  - network_info_plus_macos (from `Flutter/ephemeral/.symlinks/plugins/network_info_plus_macos/macos`)
  - yandex_locator (from `Flutter/ephemeral/.symlinks/plugins/yandex_locator/macos`)

EXTERNAL SOURCES:
  FlutterMacOS:
    :path: Flutter/ephemeral
  network_info_plus_macos:
    :path: Flutter/ephemeral/.symlinks/plugins/network_info_plus_macos/macos
  yandex_locator:
    :path: Flutter/ephemeral/.symlinks/plugins/yandex_locator/macos

SPEC CHECKSUMS:
  FlutterMacOS: 57701585bf7de1b3fc2bb61f6378d73bbdea8424
  network_info_plus_macos: d2b9e6c01c291449b91a584217aa53b113847dbd
  yandex_locator: 453e73ebebe2a932e3e09472fcad9b0345417249

PODFILE CHECKSUM: a884f6dd3f7494f3892ee6c81feea3a3abbf9153

COCOAPODS: 1.11.3
